version: 2.0
shards:
  backtracer:
    git: https://github.com/sija/backtracer.cr.git
    version: 1.2.1

  crometheus:
    git: https://github.com/darwinnn/crometheus.git
    version: 0.3.0+git.commit.8a748b734db4b80d5fd73d3c404cb2510eba3597

  exception_page:
    git: https://github.com/crystal-loot/exception_page.git
    version: 0.2.2

  glustercli:
    git: https://github.com/mpetke/glustercli-crystal.git
    version: 0.1.4+git.commit.3931b8cba8f7e96afe4f204ff8bc08b45b709674

  kemal:
    git: https://github.com/kemalcr/kemal.git
    version: 1.1.2

  radix:
    git: https://github.com/luislavena/radix.git
    version: 0.4.1

